
Microsoft Visual Studio Solution File, Format Version 12.00
# Visual Studio Version 17
VisualStudioVersion = 17.4.33213.308
MinimumVisualStudioVersion = 10.0.40219.1
Project("{FAE04EC0-301F-11D3-BF4B-00C04F79EFBC}") = "QLSinhVien", "QLSinhVien\QLSinhVien.csproj", "{A5BA27ED-78BA-47F9-815C-75F03F594B90}"
EndProject
Global
	GlobalSection(SolutionConfigurationPlatforms) = preSolution
		Debug|Any CPU = Debug|Any CPU
		Release|Any CPU = Release|Any CPU
	EndGlobalSection
	GlobalSection(ProjectConfigurationPlatforms) = postSolution
		{A5BA27ED-78BA-47F9-815C-75F03F594B90}.Debug|Any CPU.ActiveCfg = Debug|Any CPU
		{A5BA27ED-78BA-47F9-815C-75F03F594B90}.Debug|Any CPU.Build.0 = Debug|Any CPU
		{A5BA27ED-78BA-47F9-815C-75F03F594B90}.Release|Any CPU.ActiveCfg = Release|Any CPU
		{A5BA27ED-78BA-47F9-815C-75F03F594B90}.Release|Any CPU.Build.0 = Release|Any CPU
	EndGlobalSection
	GlobalSection(SolutionProperties) = preSolution
		HideSolutionNode = FALSE
	EndGlobalSection
	GlobalSection(ExtensibilityGlobals) = postSolution
		SolutionGuid = {E6BA8DB4-A94C-4A27-B89B-7B2C4A16C01D}
	EndGlobalSection
EndGlobal
