
Microsoft Visual Studio Solution File, Format Version 12.00
# Visual Studio Version 17
VisualStudioVersion = 17.4.33213.308
MinimumVisualStudioVersion = 10.0.40219.1
Project("{FAE04EC0-301F-11D3-BF4B-00C04F79EFBC}") = "QL_BanQuanAo", "QL_BanQuanAo\QL_BanQuanAo.csproj", "{FF22E724-436F-4E09-8FD9-75304DABA124}"
EndProject
Global
	GlobalSection(SolutionConfigurationPlatforms) = preSolution
		Debug|Any CPU = Debug|Any CPU
		Release|Any CPU = Release|Any CPU
	EndGlobalSection
	GlobalSection(ProjectConfigurationPlatforms) = postSolution
		{FF22E724-436F-4E09-8FD9-75304DABA124}.Debug|Any CPU.ActiveCfg = Debug|Any CPU
		{FF22E724-436F-4E09-8FD9-75304DABA124}.Debug|Any CPU.Build.0 = Debug|Any CPU
		{FF22E724-436F-4E09-8FD9-75304DABA124}.Release|Any CPU.ActiveCfg = Release|Any CPU
		{FF22E724-436F-4E09-8FD9-75304DABA124}.Release|Any CPU.Build.0 = Release|Any CPU
	EndGlobalSection
	GlobalSection(SolutionProperties) = preSolution
		HideSolutionNode = FALSE
	EndGlobalSection
	GlobalSection(ExtensibilityGlobals) = postSolution
		SolutionGuid = {DBB55E86-D5BC-45D7-AA09-D88AC58851ED}
	EndGlobalSection
EndGlobal
